
Microsoft Visual Studio Solution File, Format Version 12.00
# Visual Studio Version 16
VisualStudioVersion = 16.0.31515.178
MinimumVisualStudioVersion = 10.0.40219.1
Project("{FAE04EC0-301F-11D3-BF4B-00C04F79EFBC}") = "ACCEntryListGenerator", "ACCEntryListGenerator\ACCEntryListGenerator.csproj", "{93ABFFCE-B216-4282-B26A-D3ABF778256A}"
EndProject
Global
	GlobalSection(SolutionConfigurationPlatforms) = preSolution
		Debug|Any CPU = Debug|Any CPU
		Release|Any CPU = Release|Any CPU
	EndGlobalSection
	GlobalSection(ProjectConfigurationPlatforms) = postSolution
		{93ABFFCE-B216-4282-B26A-D3ABF778256A}.Debug|Any CPU.ActiveCfg = Debug|Any CPU
		{93ABFFCE-B216-4282-B26A-D3ABF778256A}.Debug|Any CPU.Build.0 = Debug|Any CPU
		{93ABFFCE-B216-4282-B26A-D3ABF778256A}.Release|Any CPU.ActiveCfg = Release|Any CPU
		{93ABFFCE-B216-4282-B26A-D3ABF778256A}.Release|Any CPU.Build.0 = Release|Any CPU
	EndGlobalSection
	GlobalSection(SolutionProperties) = preSolution
		HideSolutionNode = FALSE
	EndGlobalSection
	GlobalSection(ExtensibilityGlobals) = postSolution
		SolutionGuid = {4164E080-B0DE-4766-BB96-1F61A61B7146}
	EndGlobalSection
EndGlobal
